%{"cowboy": {:hex, :cowboy, "1.0.0", "d0b46a5e5f971c5543eb46f86fe76b9add567d12fb5262a852b8f27c64c0555d", [:make, :rebar], [{:cowlib, "~> 1.0.0", [hex: :cowlib, repo: "hexpm", optional: false]}, {:ranch, "~> 1.0", [hex: :ranch, repo: "hexpm", optional: false]}], "hexpm"},
  "cowlib": {:hex, :cowlib, "1.0.1", "175a633c472058bbeb1b238a6409766a48b52b43b7b687ed70f03cf6e854b7d9", [:make], [], "hexpm"},
  "decimal": {:hex, :decimal, "1.1.0", "3333732f17a90ff3057d7ab8c65f0930ca2d67e15cca812a91ead5633ed472fe", [:mix], [], "hexpm"},
  "ecto": {:hex, :ecto, "0.11.2", "33eef6ba6fcab18a6500d209cdc0fa97a5ee3a51a9977a70ba91b7dde660d4a9", [:mix], [{:decimal, "~> 1.0", [hex: :decimal, repo: "hexpm", optional: false]}, {:mariaex, "~> 0.1.0", [hex: :mariaex, repo: "hexpm", optional: true]}, {:poolboy, "~> 1.4", [hex: :poolboy, repo: "hexpm", optional: false]}, {:postgrex, "~> 0.8.0", [hex: :postgrex, repo: "hexpm", optional: true]}], "hexpm"},
  "fs": {:hex, :fs, "0.9.2", "ed17036c26c3f70ac49781ed9220a50c36775c6ca2cf8182d123b6566e49ec59", [:rebar], [], "hexpm"},
  "phoenix": {:hex, :phoenix, "0.13.0", "85464eb936bdbed0fc224b5df2046d9f0f2fe0364db5dd9b8efad2f0a325b586", [:mix], [{:cowboy, "~> 1.0", [hex: :cowboy, repo: "hexpm", optional: true]}, {:plug, ">= 0.12.2 and < 2.0.0", [hex: :plug, repo: "hexpm", optional: false]}, {:poison, "~> 1.3", [hex: :poison, repo: "hexpm", optional: false]}, {:poolboy, "~> 1.5.1 or ~> 1.6", [hex: :poolboy, repo: "hexpm", optional: true]}], "hexpm"},
  "phoenix_ecto": {:hex, :phoenix_ecto, "0.4.0", "006a5a506470bd0512b2b6100b3d6872f99d700807a0c3f9a64acf039842650f", [:mix], [{:ecto, "~> 0.11", [hex: :ecto, repo: "hexpm", optional: false]}, {:phoenix_html, "~> 1.0", [hex: :phoenix_html, repo: "hexpm", optional: true]}, {:poison, "~> 1.3", [hex: :poison, repo: "hexpm", optional: true]}], "hexpm"},
  "phoenix_html": {:hex, :phoenix_html, "1.0.0", "c188b5dccc3ed6b4c65a5041a2248781e53c0e793550cf849d57447a97699009", [:mix], [{:plug, ">= 0.12.2 and < 2.0.0", [hex: :plug, repo: "hexpm", optional: false]}], "hexpm"},
  "phoenix_live_reload": {:hex, :phoenix_live_reload, "0.4.0", "4e6e60ed4d116af599f3a89959e5e4f504fd4e5fe1d7b4989c447f86baf6774e", [:mix], [{:fs, "~> 0.9.1", [hex: :fs, repo: "hexpm", optional: false]}, {:phoenix, "~> 0.13.0", [hex: :phoenix, repo: "hexpm", optional: false]}], "hexpm"},
  "plug": {:hex, :plug, "0.12.2", "fe4166112b85095ec516d4f940948309e3eddd68db1570dca57b24a1cf697af9", [:mix], [{:cowboy, "~> 1.0", [hex: :cowboy, repo: "hexpm", optional: true]}], "hexpm"},
  "poison": {:hex, :poison, "1.4.0", "cd5afb9db7f0d19487572fa28185b6d4de647f14235746824e77b3139b79b725", [:mix], [], "hexpm"},
  "poolboy": {:hex, :poolboy, "1.5.1", "6b46163901cfd0a1b43d692657ed9d7e599853b3b21b95ae5ae0a777cf9b6ca8", [:rebar], [], "hexpm"},
  "postgrex": {:hex, :postgrex, "0.8.1", "ae8bee4fabe7beb837cc753b1fd6fecf3acbe64ec35fbcd551d11dcff1e2b08f", [:mix], [{:decimal, "~> 1.0", [hex: :decimal, repo: "hexpm", optional: false]}], "hexpm"},
  "ranch": {:hex, :ranch, "1.0.0", "e3ac054e4265de77e2d2696dd7e1d6a67b7525aade13ba10c860e7f499a0d433", [:make], [], "hexpm"}}
